
Microsoft Visual Studio Solution File, Format Version 11.00
# Visual Studio 2010
# SharpDevelop 5.1
Project("{FAE04EC0-301F-11D3-BF4B-00C04F79EFBC}") = "StudentEgz", "StudentEgz.csproj", "{48DA69F4-A4B7-4A2C-AD6F-CF53A0A59340}"
EndProject
Global
	GlobalSection(SolutionConfigurationPlatforms) = preSolution
		Debug|Any CPU = Debug|Any CPU
		Release|Any CPU = Release|Any CPU
	EndGlobalSection
	GlobalSection(ProjectConfigurationPlatforms) = postSolution
		{48DA69F4-A4B7-4A2C-AD6F-CF53A0A59340}.Debug|Any CPU.ActiveCfg = Debug|Any CPU
		{48DA69F4-A4B7-4A2C-AD6F-CF53A0A59340}.Debug|Any CPU.Build.0 = Debug|Any CPU
		{48DA69F4-A4B7-4A2C-AD6F-CF53A0A59340}.Release|Any CPU.ActiveCfg = Release|Any CPU
		{48DA69F4-A4B7-4A2C-AD6F-CF53A0A59340}.Release|Any CPU.Build.0 = Release|Any CPU
	EndGlobalSection
EndGlobal
